
Microsoft Visual Studio Solution File, Format Version 10.00
# Visual Studio 2008
Project("{8BC9CEB8-8B4A-11D0-8D11-00A0C91BC942}") = "mysql", "MySQL_VS\MySQLProject.vcproj", "{42578DE1-3BB3-456A-989F-BBA1D3618BFF}"
EndProject
Global
	GlobalSection(SolutionConfigurationPlatforms) = preSolution
		Plugin Release|Win32 = Plugin Release|Win32
	EndGlobalSection
	GlobalSection(ProjectConfigurationPlatforms) = postSolution
		{42578DE1-3BB3-456A-989F-BBA1D3618BFF}.Plugin Release|Win32.ActiveCfg = Release|Win32
		{42578DE1-3BB3-456A-989F-BBA1D3618BFF}.Plugin Release|Win32.Build.0 = Release|Win32
	EndGlobalSection
	GlobalSection(SolutionProperties) = preSolution
		HideSolutionNode = FALSE
	EndGlobalSection
EndGlobal
